#
# This file is autogenerated by pip-compile with Python 3.12
# by the following command:
#
#    pip-compile --output-file=requirements.lock --strip-extras pyproject.toml
#
alembic==1.18.5
    # via platform-agent-orchestrator (pyproject.toml)
annotated-doc==0.0.5
    # via fastapi
annotated-types==0.8.0
    # via pydantic
anyio==4.14.2
    # via
    #   httpx
    #   langsmith
    #   starlette
certifi==2026.7.22
    # via
    #   httpcore
    #   httpx
    #   requests
charset-normalizer==3.4.9
    # via requests
click==8.4.2
    # via uvicorn
distro==1.9.0
    # via langsmith
fastapi==0.141.1
    # via platform-agent-orchestrator (pyproject.toml)
greenlet==3.5.4
    # via sqlalchemy
h11==0.16.0
    # via
    #   httpcore
    #   uvicorn
httpcore==1.0.9
    # via httpx
httpx==0.28.1
    # via
    #   langgraph-sdk
    #   langsmith
idna==3.18
    # via
    #   anyio
    #   httpx
    #   requests
jsonpatch==1.33
    # via langchain-core
jsonpointer==3.1.1
    # via jsonpatch
langchain==1.3.14
    # via platform-agent-orchestrator (pyproject.toml)
langchain-core==1.5.2
    # via
    #   langchain
    #   langgraph
    #   langgraph-checkpoint
    #   langgraph-prebuilt
    #   langgraph-sdk
langchain-protocol==0.0.18
    # via
    #   langchain-core
    #   langgraph-sdk
langgraph==1.2.10
    # via
    #   langchain
    #   platform-agent-orchestrator (pyproject.toml)
langgraph-checkpoint==4.1.1
    # via
    #   langgraph
    #   langgraph-checkpoint-postgres
    #   langgraph-prebuilt
langgraph-checkpoint-postgres==3.1.0
    # via platform-agent-orchestrator (pyproject.toml)
langgraph-prebuilt==1.1.0
    # via langgraph
langgraph-sdk==0.4.2
    # via langgraph
langsmith==0.10.13
    # via langchain-core
mako==1.3.12
    # via alembic
markupsafe==3.0.3
    # via mako
orjson==3.11.9
    # via
    #   langgraph-checkpoint-postgres
    #   langgraph-sdk
    #   langsmith
ormsgpack==1.12.2
    # via langgraph-checkpoint
packaging==26.2
    # via
    #   langchain-core
    #   langsmith
prometheus-client==0.26.0
    # via platform-agent-orchestrator (pyproject.toml)
psycopg==3.3.4
    # via
    #   langgraph-checkpoint-postgres
    #   platform-agent-orchestrator (pyproject.toml)
psycopg-binary==3.3.4
    # via psycopg
psycopg-pool==3.3.1
    # via
    #   langgraph-checkpoint-postgres
    #   psycopg
pydantic==2.13.4
    # via
    #   fastapi
    #   langchain
    #   langchain-core
    #   langgraph
    #   langsmith
    #   platform-agent-orchestrator (pyproject.toml)
pydantic-core==2.46.4
    # via pydantic
pyyaml==6.0.3
    # via
    #   langchain-core
    #   platform-agent-orchestrator (pyproject.toml)
requests==2.34.2
    # via
    #   langsmith
    #   requests-toolbelt
requests-toolbelt==1.0.0
    # via langsmith
sniffio==1.3.1
    # via langsmith
sqlalchemy==2.0.51
    # via
    #   alembic
    #   platform-agent-orchestrator (pyproject.toml)
starlette==1.3.1
    # via fastapi
tenacity==9.1.4
    # via langchain-core
typing-extensions==4.16.0
    # via
    #   alembic
    #   anyio
    #   fastapi
    #   langchain-core
    #   langchain-protocol
    #   langsmith
    #   psycopg
    #   psycopg-pool
    #   pydantic
    #   pydantic-core
    #   sqlalchemy
    #   starlette
    #   typing-inspection
typing-inspection==0.4.2
    # via
    #   fastapi
    #   pydantic
urllib3==2.7.0
    # via requests
uuid-utils==0.17.0
    # via
    #   langchain-core
    #   langsmith
uvicorn==0.52.0
    # via platform-agent-orchestrator (pyproject.toml)
websockets==15.0.1
    # via
    #   langgraph-sdk
    #   langsmith
xxhash==3.8.1
    # via
    #   langgraph
    #   langsmith
zstandard==0.25.0
    # via langsmith
